
Microsoft Visual Studio Solution File, Format Version 12.00
# Visual Studio Version 17
VisualStudioVersion = 17.8.34525.116
MinimumVisualStudioVersion = 10.0.40219.1
Project("{FAE04EC0-301F-11D3-BF4B-00C04F79EFBC}") = "Bai06", "Bai06\Bai06.csproj", "{89CAFB67-298F-4689-9A48-6EB2A6BCB6CE}"
EndProject
Global
	GlobalSection(SolutionConfigurationPlatforms) = preSolution
		Debug|Any CPU = Debug|Any CPU
		Release|Any CPU = Release|Any CPU
	EndGlobalSection
	GlobalSection(ProjectConfigurationPlatforms) = postSolution
		{89CAFB67-298F-4689-9A48-6EB2A6BCB6CE}.Debug|Any CPU.ActiveCfg = Debug|Any CPU
		{89CAFB67-298F-4689-9A48-6EB2A6BCB6CE}.Debug|Any CPU.Build.0 = Debug|Any CPU
		{89CAFB67-298F-4689-9A48-6EB2A6BCB6CE}.Release|Any CPU.ActiveCfg = Release|Any CPU
		{89CAFB67-298F-4689-9A48-6EB2A6BCB6CE}.Release|Any CPU.Build.0 = Release|Any CPU
	EndGlobalSection
	GlobalSection(SolutionProperties) = preSolution
		HideSolutionNode = FALSE
	EndGlobalSection
	GlobalSection(ExtensibilityGlobals) = postSolution
		SolutionGuid = {F8378EC1-06CF-4157-8F4C-D710A1D05DC9}
	EndGlobalSection
EndGlobal
