
Microsoft Visual Studio Solution File, Format Version 12.00
# Visual Studio Version 17
VisualStudioVersion = 17.8.34525.116
MinimumVisualStudioVersion = 10.0.40219.1
Project("{FAE04EC0-301F-11D3-BF4B-00C04F79EFBC}") = "Bai01", "Bai01\Bai01.csproj", "{8E79C43E-F96A-4AA0-8A7B-E62BBF8F598B}"
EndProject
Global
	GlobalSection(SolutionConfigurationPlatforms) = preSolution
		Debug|Any CPU = Debug|Any CPU
		Release|Any CPU = Release|Any CPU
	EndGlobalSection
	GlobalSection(ProjectConfigurationPlatforms) = postSolution
		{8E79C43E-F96A-4AA0-8A7B-E62BBF8F598B}.Debug|Any CPU.ActiveCfg = Debug|Any CPU
		{8E79C43E-F96A-4AA0-8A7B-E62BBF8F598B}.Debug|Any CPU.Build.0 = Debug|Any CPU
		{8E79C43E-F96A-4AA0-8A7B-E62BBF8F598B}.Release|Any CPU.ActiveCfg = Release|Any CPU
		{8E79C43E-F96A-4AA0-8A7B-E62BBF8F598B}.Release|Any CPU.Build.0 = Release|Any CPU
	EndGlobalSection
	GlobalSection(SolutionProperties) = preSolution
		HideSolutionNode = FALSE
	EndGlobalSection
	GlobalSection(ExtensibilityGlobals) = postSolution
		SolutionGuid = {B03D84CB-6499-45F3-8709-72595C3C2C84}
	EndGlobalSection
EndGlobal
