
Microsoft Visual Studio Solution File, Format Version 12.00
# Visual Studio Version 17
VisualStudioVersion = 17.8.34525.116
MinimumVisualStudioVersion = 10.0.40219.1
Project("{FAE04EC0-301F-11D3-BF4B-00C04F79EFBC}") = "Bai02", "Bai02\Bai02.csproj", "{4F689218-FE6A-4828-9FEA-9EF0483DD41C}"
EndProject
Global
	GlobalSection(SolutionConfigurationPlatforms) = preSolution
		Debug|Any CPU = Debug|Any CPU
		Release|Any CPU = Release|Any CPU
	EndGlobalSection
	GlobalSection(ProjectConfigurationPlatforms) = postSolution
		{4F689218-FE6A-4828-9FEA-9EF0483DD41C}.Debug|Any CPU.ActiveCfg = Debug|Any CPU
		{4F689218-FE6A-4828-9FEA-9EF0483DD41C}.Debug|Any CPU.Build.0 = Debug|Any CPU
		{4F689218-FE6A-4828-9FEA-9EF0483DD41C}.Release|Any CPU.ActiveCfg = Release|Any CPU
		{4F689218-FE6A-4828-9FEA-9EF0483DD41C}.Release|Any CPU.Build.0 = Release|Any CPU
	EndGlobalSection
	GlobalSection(SolutionProperties) = preSolution
		HideSolutionNode = FALSE
	EndGlobalSection
	GlobalSection(ExtensibilityGlobals) = postSolution
		SolutionGuid = {DEC08799-95F8-43A7-8B87-73B6F9C5EEDC}
	EndGlobalSection
EndGlobal
