
Microsoft Visual Studio Solution File, Format Version 12.00
# Visual Studio Version 17
VisualStudioVersion = 17.8.34525.116
MinimumVisualStudioVersion = 10.0.40219.1
Project("{FAE04EC0-301F-11D3-BF4B-00C04F79EFBC}") = "Bai06", "Bai06\Bai06.csproj", "{62E1991F-6133-4DA6-9F1F-CBC892BCC08C}"
EndProject
Global
	GlobalSection(SolutionConfigurationPlatforms) = preSolution
		Debug|Any CPU = Debug|Any CPU
		Release|Any CPU = Release|Any CPU
	EndGlobalSection
	GlobalSection(ProjectConfigurationPlatforms) = postSolution
		{62E1991F-6133-4DA6-9F1F-CBC892BCC08C}.Debug|Any CPU.ActiveCfg = Debug|Any CPU
		{62E1991F-6133-4DA6-9F1F-CBC892BCC08C}.Debug|Any CPU.Build.0 = Debug|Any CPU
		{62E1991F-6133-4DA6-9F1F-CBC892BCC08C}.Release|Any CPU.ActiveCfg = Release|Any CPU
		{62E1991F-6133-4DA6-9F1F-CBC892BCC08C}.Release|Any CPU.Build.0 = Release|Any CPU
	EndGlobalSection
	GlobalSection(SolutionProperties) = preSolution
		HideSolutionNode = FALSE
	EndGlobalSection
	GlobalSection(ExtensibilityGlobals) = postSolution
		SolutionGuid = {59DE5E71-EE0B-409F-84B6-1B50F67EFBAC}
	EndGlobalSection
EndGlobal
